Microsoft Visual Studio Solution File, Format Version 11.00
# Visual Studio 2008

Project("{CA34CE72-9058-3CAC-8C53-9E099DEEFAFB}") = "Kitty Dash", "Assembly-CSharp.csproj", "{EB1C66ED-413E-82E1-3039-6E22A4CC1328}"
EndProject
Global
	GlobalSection(SolutionConfigurationPlatforms) = preSolution
		Debug|Any CPU = Debug|Any CPU
		Release|Any CPU = Release|Any CPU
	EndGlobalSection
	GlobalSection(ProjectConfigurationPlatforms) = postSolution
		{EB1C66ED-413E-82E1-3039-6E22A4CC1328}.Debug|Any CPU.ActiveCfg = Debug|Any CPU
		{EB1C66ED-413E-82E1-3039-6E22A4CC1328}.Debug|Any CPU.Build.0 = Debug|Any CPU
		{EB1C66ED-413E-82E1-3039-6E22A4CC1328}.Release|Any CPU.ActiveCfg = Release|Any CPU
		{EB1C66ED-413E-82E1-3039-6E22A4CC1328}.Release|Any CPU.Build.0 = Release|Any CPU
	EndGlobalSection
	GlobalSection(SolutionProperties) = preSolution
		HideSolutionNode = FALSE
	EndGlobalSection
	GlobalSection(MonoDevelopProperties) = preSolution
		StartupItem = Assembly-CSharp.csproj
	EndGlobalSection
EndGlobal
